
Microsoft Visual Studio Solution File, Format Version 12.00
# Visual Studio Version 16
VisualStudioVersion = 16.0.30907.101
MinimumVisualStudioVersion = 10.0.40219.1
Project("{8BC9CEB8-8B4A-11D0-8D11-00A0C91BC942}") = "一元多项式的实现", "一元多项式的实现.vcxproj", "{F2E6813A-21E4-4FE1-8CB5-8B2FB3CEBFE7}"
EndProject
Global
	GlobalSection(SolutionConfigurationPlatforms) = preSolution
		Debug|x64 = Debug|x64
		Debug|x86 = Debug|x86
		Release|x64 = Release|x64
		Release|x86 = Release|x86
	EndGlobalSection
	GlobalSection(ProjectConfigurationPlatforms) = postSolution
		{F2E6813A-21E4-4FE1-8CB5-8B2FB3CEBFE7}.Debug|x64.ActiveCfg = Debug|x64
		{F2E6813A-21E4-4FE1-8CB5-8B2FB3CEBFE7}.Debug|x64.Build.0 = Debug|x64
		{F2E6813A-21E4-4FE1-8CB5-8B2FB3CEBFE7}.Debug|x86.ActiveCfg = Debug|Win32
		{F2E6813A-21E4-4FE1-8CB5-8B2FB3CEBFE7}.Debug|x86.Build.0 = Debug|Win32
		{F2E6813A-21E4-4FE1-8CB5-8B2FB3CEBFE7}.Release|x64.ActiveCfg = Release|x64
		{F2E6813A-21E4-4FE1-8CB5-8B2FB3CEBFE7}.Release|x64.Build.0 = Release|x64
		{F2E6813A-21E4-4FE1-8CB5-8B2FB3CEBFE7}.Release|x86.ActiveCfg = Release|Win32
		{F2E6813A-21E4-4FE1-8CB5-8B2FB3CEBFE7}.Release|x86.Build.0 = Release|Win32
	EndGlobalSection
	GlobalSection(SolutionProperties) = preSolution
		HideSolutionNode = FALSE
	EndGlobalSection
	GlobalSection(ExtensibilityGlobals) = postSolution
		SolutionGuid = {7DFF2E17-4CD1-45CC-9E40-6C740F0FB269}
	EndGlobalSection
EndGlobal
